
Microsoft Visual Studio Solution File, Format Version 12.00
# Visual Studio 15
VisualStudioVersion = 15.0.27130.2027
MinimumVisualStudioVersion = 10.0.40219.1
Project("{FAE04EC0-301F-11D3-BF4B-00C04F79EFBC}") = "WpfApp7", "WpfApp7\WpfApp7.csproj", "{7B114AC1-6497-43C1-8F17-71A84866BA88}"
EndProject
Global
	GlobalSection(SolutionConfigurationPlatforms) = preSolution
		Debug|Any CPU = Debug|Any CPU
		Release|Any CPU = Release|Any CPU
	EndGlobalSection
	GlobalSection(ProjectConfigurationPlatforms) = postSolution
		{7B114AC1-6497-43C1-8F17-71A84866BA88}.Debug|Any CPU.ActiveCfg = Debug|Any CPU
		{7B114AC1-6497-43C1-8F17-71A84866BA88}.Debug|Any CPU.Build.0 = Debug|Any CPU
		{7B114AC1-6497-43C1-8F17-71A84866BA88}.Release|Any CPU.ActiveCfg = Release|Any CPU
		{7B114AC1-6497-43C1-8F17-71A84866BA88}.Release|Any CPU.Build.0 = Release|Any CPU
	EndGlobalSection
	GlobalSection(SolutionProperties) = preSolution
		HideSolutionNode = FALSE
	EndGlobalSection
	GlobalSection(ExtensibilityGlobals) = postSolution
		SolutionGuid = {6CB35259-8592-4E76-AA7C-D8E01527A612}
	EndGlobalSection
EndGlobal
